
Microsoft Visual Studio Solution File, Format Version 12.00
# Visual Studio Version 16
VisualStudioVersion = 16.0.29215.179
MinimumVisualStudioVersion = 10.0.40219.1
Project("{FAE04EC0-301F-11D3-BF4B-00C04F79EFBC}") = "RegistryPrototype", "RegistryPrototype.csproj", "{70630B8E-4D0F-42FA-8522-C62EFF9774BF}"
EndProject
Global
	GlobalSection(SolutionConfigurationPlatforms) = preSolution
		Debug|Any CPU = Debug|Any CPU
		Release|Any CPU = Release|Any CPU
	EndGlobalSection
	GlobalSection(ProjectConfigurationPlatforms) = postSolution
		{70630B8E-4D0F-42FA-8522-C62EFF9774BF}.Debug|Any CPU.ActiveCfg = Debug|Any CPU
		{70630B8E-4D0F-42FA-8522-C62EFF9774BF}.Debug|Any CPU.Build.0 = Debug|Any CPU
		{70630B8E-4D0F-42FA-8522-C62EFF9774BF}.Release|Any CPU.ActiveCfg = Release|Any CPU
		{70630B8E-4D0F-42FA-8522-C62EFF9774BF}.Release|Any CPU.Build.0 = Release|Any CPU
	EndGlobalSection
	GlobalSection(SolutionProperties) = preSolution
		HideSolutionNode = FALSE
	EndGlobalSection
	GlobalSection(ExtensibilityGlobals) = postSolution
		SolutionGuid = {C8E53622-FEF7-4D61-84BA-4CE2C6C0760A}
	EndGlobalSection
EndGlobal
